// !$*UTF8*$!
{
	archiveVersion = 1;
	classes = {
	};
	objectVersion = 46;
	objects = {

/* Begin PBXBuildFile section */
		D41383691F3A26A000384DCC /* RegisterReportDelegate.swift in Sources */ = {isa = PBXBuildFile; fileRef = D41383681F3A26A000384DCC /* RegisterReportDelegate.swift */; };
		D4B1E4021F2A78CF00308ABB /* AppDelegate.swift in Sources */ = {isa = PBXBuildFile; fileRef = D4B1E4011F2A78CF00308ABB /* AppDelegate.swift */; };
		D4B1E4041F2A78CF00308ABB /* LoginViewController.swift in Sources */ = {isa = PBXBuildFile; fileRef = D4B1E4031F2A78CF00308ABB /* LoginViewController.swift */; };
		D4B1E4071F2A78CF00308ABB /* Login.storyboard in Resources */ = {isa = PBXBuildFile; fileRef = D4B1E4051F2A78CF00308ABB /* Login.storyboard */; };
		D4B1E40C1F2A78CF00308ABB /* LaunchScreen.storyboard in Resources */ = {isa = PBXBuildFile; fileRef = D4B1E40A1F2A78CF00308ABB /* LaunchScreen.storyboard */; };
		D4B1E41F1F2A919900308ABB /* TabBar.storyboard in Resources */ = {isa = PBXBuildFile; fileRef = D4B1E41E1F2A919900308ABB /* TabBar.storyboard */; };
		D4B1E4211F2A91B300308ABB /* TabBarViewController.swift in Sources */ = {isa = PBXBuildFile; fileRef = D4B1E4201F2A91B300308ABB /* TabBarViewController.swift */; };
		D4B1E4271F2A95D600308ABB /* RegisterReportViewController.swift in Sources */ = {isa = PBXBuildFile; fileRef = D4B1E4261F2A95D600308ABB /* RegisterReportViewController.swift */; };
		D4B1E4291F2A96D200308ABB /* Map.storyboard in Resources */ = {isa = PBXBuildFile; fileRef = D4B1E4281F2A96D200308ABB /* Map.storyboard */; };
		D4B1E42B1F2A96ED00308ABB /* MapViewController.swift in Sources */ = {isa = PBXBuildFile; fileRef = D4B1E42A1F2A96ED00308ABB /* MapViewController.swift */; };
		EF2B14ACC5ED8F8292C207C7 /* Pods_Umbrella.framework in Frameworks */ = {isa = PBXBuildFile; fileRef = BF9CFC6DEF00297A546C0A6B /* Pods_Umbrella.framework */; };
		FB0144CE1F3B85A7004FFBCC /* Keychain.swift in Sources */ = {isa = PBXBuildFile; fileRef = FB0144C51F3B85A7004FFBCC /* Keychain.swift */; };
		FB0144CF1F3B85A7004FFBCC /* MinorityEntity.swift in Sources */ = {isa = PBXBuildFile; fileRef = FB0144C61F3B85A7004FFBCC /* MinorityEntity.swift */; };
		FB0144D01F3B85A7004FFBCC /* MinorityInterector.swift in Sources */ = {isa = PBXBuildFile; fileRef = FB0144C71F3B85A7004FFBCC /* MinorityInterector.swift */; };
		FB0144D11F3B85A7004FFBCC /* PhotoEntity.swift in Sources */ = {isa = PBXBuildFile; fileRef = FB0144C81F3B85A7004FFBCC /* PhotoEntity.swift */; };
		FB0144D21F3B85A7004FFBCC /* PhotoInteractor.swift in Sources */ = {isa = PBXBuildFile; fileRef = FB0144C91F3B85A7004FFBCC /* PhotoInteractor.swift */; };
		FB0144D31F3B85A7004FFBCC /* SaveManager.swift in Sources */ = {isa = PBXBuildFile; fileRef = FB0144CA1F3B85A7004FFBCC /* SaveManager.swift */; };
		FB0144D41F3B85A7004FFBCC /* UIImageHandler.swift in Sources */ = {isa = PBXBuildFile; fileRef = FB0144CB1F3B85A7004FFBCC /* UIImageHandler.swift */; };
		FB0144D51F3B85A7004FFBCC /* UserEntity.swift in Sources */ = {isa = PBXBuildFile; fileRef = FB0144CC1F3B85A7004FFBCC /* UserEntity.swift */; };
		FB0144D61F3B85A7004FFBCC /* UserInteractor.swift in Sources */ = {isa = PBXBuildFile; fileRef = FB0144CD1F3B85A7004FFBCC /* UserInteractor.swift */; };
		FB3450161F323CC70077A101 /* SearchBarControllerViewController.swift in Sources */ = {isa = PBXBuildFile; fileRef = FB3450151F323CC70077A101 /* SearchBarControllerViewController.swift */; };
		FB3734101F3914E400FB3213 /* GoogleService-Info.plist in Resources */ = {isa = PBXBuildFile; fileRef = FB37340F1F3914E400FB3213 /* GoogleService-Info.plist */; };
		FB60D7D31F38DD03001E5E51 /* SearchBarCellTableViewCell.swift in Sources */ = {isa = PBXBuildFile; fileRef = FB60D7D21F38DD03001E5E51 /* SearchBarCellTableViewCell.swift */; };
		FB60D7D51F38E10A001E5E51 /* FilterTableViewControlleTableViewController.swift in Sources */ = {isa = PBXBuildFile; fileRef = FB60D7D41F38E10A001E5E51 /* FilterTableViewControlleTableViewController.swift */; };
		FB60D8691F39127E001E5E51 /* CustomUserLocationView.swift in Sources */ = {isa = PBXBuildFile; fileRef = FB60D85F1F39127E001E5E51 /* CustomUserLocationView.swift */; };
		FB60D86A1F39127E001E5E51 /* FirebaseManager.swift in Sources */ = {isa = PBXBuildFile; fileRef = FB60D8601F39127E001E5E51 /* FirebaseManager.swift */; };
		FB60D86B1F39127E001E5E51 /* RegisterReportFirst.storyboard in Resources */ = {isa = PBXBuildFile; fileRef = FB60D8611F39127E001E5E51 /* RegisterReportFirst.storyboard */; };
		FB60D86C1F39127E001E5E51 /* RegisterReportSecond.storyboard in Resources */ = {isa = PBXBuildFile; fileRef = FB60D8621F39127E001E5E51 /* RegisterReportSecond.storyboard */; };
		FB60D86D1F39127E001E5E51 /* RegisterReportSecondViewController.swift in Sources */ = {isa = PBXBuildFile; fileRef = FB60D8631F39127E001E5E51 /* RegisterReportSecondViewController.swift */; };
		FB60D86E1F39127E001E5E51 /* Report.swift in Sources */ = {isa = PBXBuildFile; fileRef = FB60D8641F39127E001E5E51 /* Report.swift */; };
		FB60D86F1F39127E001E5E51 /* SeeReport.storyboard in Resources */ = {isa = PBXBuildFile; fileRef = FB60D8651F39127E001E5E51 /* SeeReport.storyboard */; };
		FB60D8701F39127E001E5E51 /* SeeReportViewController.swift in Sources */ = {isa = PBXBuildFile; fileRef = FB60D8661F39127E001E5E51 /* SeeReportViewController.swift */; };
		FB60D8711F39127E001E5E51 /* ShowReports.storyboard in Resources */ = {isa = PBXBuildFile; fileRef = FB60D8671F39127E001E5E51 /* ShowReports.storyboard */; };
		FB60D8721F39127E001E5E51 /* ShowReportsViewController.swift in Sources */ = {isa = PBXBuildFile; fileRef = FB60D8681F39127E001E5E51 /* ShowReportsViewController.swift */; };
		FB7998731F2BB516005FC75D /* MapViewDelegate.swift in Sources */ = {isa = PBXBuildFile; fileRef = FB7998721F2BB516005FC75D /* MapViewDelegate.swift */; };
		FB7998791F2BBA85005FC75D /* CoreLocation.framework in Frameworks */ = {isa = PBXBuildFile; fileRef = FB7998781F2BBA85005FC75D /* CoreLocation.framework */; };
		FBEFEACB1F3A31C000CDC99A /* AgressionPinAnnotationView.swift in Sources */ = {isa = PBXBuildFile; fileRef = FBEFEACA1F3A31C000CDC99A /* AgressionPinAnnotationView.swift */; };
		FBEFEACD1F3A349100CDC99A /* Assets.xcassets in Resources */ = {isa = PBXBuildFile; fileRef = FBEFEACC1F3A349100CDC99A /* Assets.xcassets */; };
		FBF16B751F2CF49C00529EA8 /* LocationManagerDelegate.swift in Sources */ = {isa = PBXBuildFile; fileRef = FBF16B741F2CF49C00529EA8 /* LocationManagerDelegate.swift */; };
/* End PBXBuildFile section */

/* Begin PBXFileReference section */
		42219E97875697CC28DC2A0D /* Pods-Umbrella.debug.xcconfig */ = {isa = PBXFileReference; includeInIndex = 1; lastKnownFileType = text.xcconfig; name = "Pods-Umbrella.debug.xcconfig"; path = "Pods/Target Support Files/Pods-Umbrella/Pods-Umbrella.debug.xcconfig"; sourceTree = "<group>"; };
		BF9CFC6DEF00297A546C0A6B /* Pods_Umbrella.framework */ = {isa = PBXFileReference; explicitFileType = wrapper.framework; includeInIndex = 0; path = Pods_Umbrella.framework; sourceTree = BUILT_PRODUCTS_DIR; };
		C7A82209A491E5087B8A7EDC /* Pods-Umbrella.release.xcconfig */ = {isa = PBXFileReference; includeInIndex = 1; lastKnownFileType = text.xcconfig; name = "Pods-Umbrella.release.xcconfig"; path = "Pods/Target Support Files/Pods-Umbrella/Pods-Umbrella.release.xcconfig"; sourceTree = "<group>"; };
		D41383681F3A26A000384DCC /* RegisterReportDelegate.swift */ = {isa = PBXFileReference; fileEncoding = 4; lastKnownFileType = sourcecode.swift; path = RegisterReportDelegate.swift; sourceTree = "<group>"; };
		D4B1E3FE1F2A78CF00308ABB /* Umbrella.app */ = {isa = PBXFileReference; explicitFileType = wrapper.application; includeInIndex = 0; path = Umbrella.app; sourceTree = BUILT_PRODUCTS_DIR; };
		D4B1E4011F2A78CF00308ABB /* AppDelegate.swift */ = {isa = PBXFileReference; lastKnownFileType = sourcecode.swift; path = AppDelegate.swift; sourceTree = "<group>"; };
		D4B1E4031F2A78CF00308ABB /* LoginViewController.swift */ = {isa = PBXFileReference; lastKnownFileType = sourcecode.swift; path = LoginViewController.swift; sourceTree = "<group>"; };
		D4B1E4061F2A78CF00308ABB /* Base */ = {isa = PBXFileReference; lastKnownFileType = file.storyboard; name = Base; path = Base.lproj/Login.storyboard; sourceTree = "<group>"; };
		D4B1E40B1F2A78CF00308ABB /* Base */ = {isa = PBXFileReference; lastKnownFileType = file.storyboard; name = Base; path = Base.lproj/LaunchScreen.storyboard; sourceTree = "<group>"; };
		D4B1E40D1F2A78CF00308ABB /* Info.plist */ = {isa = PBXFileReference; lastKnownFileType = text.plist.xml; path = Info.plist; sourceTree = "<group>"; };
		D4B1E41E1F2A919900308ABB /* TabBar.storyboard */ = {isa = PBXFileReference; fileEncoding = 4; lastKnownFileType = file.storyboard; path = TabBar.storyboard; sourceTree = "<group>"; };
		D4B1E4201F2A91B300308ABB /* TabBarViewController.swift */ = {isa = PBXFileReference; fileEncoding = 4; lastKnownFileType = sourcecode.swift; path = TabBarViewController.swift; sourceTree = "<group>"; };
		D4B1E4261F2A95D600308ABB /* RegisterReportViewController.swift */ = {isa = PBXFileReference; fileEncoding = 4; lastKnownFileType = sourcecode.swift; path = RegisterReportViewController.swift; sourceTree = "<group>"; };
		D4B1E4281F2A96D200308ABB /* Map.storyboard */ = {isa = PBXFileReference; fileEncoding = 4; lastKnownFileType = file.storyboard; path = Map.storyboard; sourceTree = "<group>"; };
		D4B1E42A1F2A96ED00308ABB /* MapViewController.swift */ = {isa = PBXFileReference; fileEncoding = 4; lastKnownFileType = sourcecode.swift; path = MapViewController.swift; sourceTree = "<group>"; };
		FB0144C51F3B85A7004FFBCC /* Keychain.swift */ = {isa = PBXFileReference; fileEncoding = 4; lastKnownFileType = sourcecode.swift; path = Keychain.swift; sourceTree = "<group>"; };
		FB0144C61F3B85A7004FFBCC /* MinorityEntity.swift */ = {isa = PBXFileReference; fileEncoding = 4; lastKnownFileType = sourcecode.swift; path = MinorityEntity.swift; sourceTree = "<group>"; };
		FB0144C71F3B85A7004FFBCC /* MinorityInterector.swift */ = {isa = PBXFileReference; fileEncoding = 4; lastKnownFileType = sourcecode.swift; path = MinorityInterector.swift; sourceTree = "<group>"; };
		FB0144C81F3B85A7004FFBCC /* PhotoEntity.swift */ = {isa = PBXFileReference; fileEncoding = 4; lastKnownFileType = sourcecode.swift; path = PhotoEntity.swift; sourceTree = "<group>"; };
		FB0144C91F3B85A7004FFBCC /* PhotoInteractor.swift */ = {isa = PBXFileReference; fileEncoding = 4; lastKnownFileType = sourcecode.swift; path = PhotoInteractor.swift; sourceTree = "<group>"; };
		FB0144CA1F3B85A7004FFBCC /* SaveManager.swift */ = {isa = PBXFileReference; fileEncoding = 4; lastKnownFileType = sourcecode.swift; path = SaveManager.swift; sourceTree = "<group>"; };
		FB0144CB1F3B85A7004FFBCC /* UIImageHandler.swift */ = {isa = PBXFileReference; fileEncoding = 4; lastKnownFileType = sourcecode.swift; path = UIImageHandler.swift; sourceTree = "<group>"; };
		FB0144CC1F3B85A7004FFBCC /* UserEntity.swift */ = {isa = PBXFileReference; fileEncoding = 4; lastKnownFileType = sourcecode.swift; path = UserEntity.swift; sourceTree = "<group>"; };
		FB0144CD1F3B85A7004FFBCC /* UserInteractor.swift */ = {isa = PBXFileReference; fileEncoding = 4; lastKnownFileType = sourcecode.swift; path = UserInteractor.swift; sourceTree = "<group>"; };
		FB3450151F323CC70077A101 /* SearchBarControllerViewController.swift */ = {isa = PBXFileReference; fileEncoding = 4; lastKnownFileType = sourcecode.swift; path = SearchBarControllerViewController.swift; sourceTree = "<group>"; };
		FB37340F1F3914E400FB3213 /* GoogleService-Info.plist */ = {isa = PBXFileReference; fileEncoding = 4; lastKnownFileType = text.plist.xml; name = "GoogleService-Info.plist"; path = "Umbrella/GoogleService-Info.plist"; sourceTree = "<group>"; };
		FB60D7D21F38DD03001E5E51 /* SearchBarCellTableViewCell.swift */ = {isa = PBXFileReference; fileEncoding = 4; lastKnownFileType = sourcecode.swift; path = SearchBarCellTableViewCell.swift; sourceTree = "<group>"; };
		FB60D7D41F38E10A001E5E51 /* FilterTableViewControlleTableViewController.swift */ = {isa = PBXFileReference; fileEncoding = 4; lastKnownFileType = sourcecode.swift; path = FilterTableViewControlleTableViewController.swift; sourceTree = "<group>"; };
		FB60D85F1F39127E001E5E51 /* CustomUserLocationView.swift */ = {isa = PBXFileReference; fileEncoding = 4; lastKnownFileType = sourcecode.swift; path = CustomUserLocationView.swift; sourceTree = "<group>"; };
		FB60D8601F39127E001E5E51 /* FirebaseManager.swift */ = {isa = PBXFileReference; fileEncoding = 4; lastKnownFileType = sourcecode.swift; path = FirebaseManager.swift; sourceTree = "<group>"; };
		FB60D8611F39127E001E5E51 /* RegisterReportFirst.storyboard */ = {isa = PBXFileReference; fileEncoding = 4; lastKnownFileType = file.storyboard; path = RegisterReportFirst.storyboard; sourceTree = "<group>"; };
		FB60D8621F39127E001E5E51 /* RegisterReportSecond.storyboard */ = {isa = PBXFileReference; fileEncoding = 4; lastKnownFileType = file.storyboard; path = RegisterReportSecond.storyboard; sourceTree = "<group>"; };
		FB60D8631F39127E001E5E51 /* RegisterReportSecondViewController.swift */ = {isa = PBXFileReference; fileEncoding = 4; lastKnownFileType = sourcecode.swift; path = RegisterReportSecondViewController.swift; sourceTree = "<group>"; };
		FB60D8641F39127E001E5E51 /* Report.swift */ = {isa = PBXFileReference; fileEncoding = 4; lastKnownFileType = sourcecode.swift; path = Report.swift; sourceTree = "<group>"; };
		FB60D8651F39127E001E5E51 /* SeeReport.storyboard */ = {isa = PBXFileReference; fileEncoding = 4; lastKnownFileType = file.storyboard; path = SeeReport.storyboard; sourceTree = "<group>"; };
		FB60D8661F39127E001E5E51 /* SeeReportViewController.swift */ = {isa = PBXFileReference; fileEncoding = 4; lastKnownFileType = sourcecode.swift; path = SeeReportViewController.swift; sourceTree = "<group>"; };
		FB60D8671F39127E001E5E51 /* ShowReports.storyboard */ = {isa = PBXFileReference; fileEncoding = 4; lastKnownFileType = file.storyboard; path = ShowReports.storyboard; sourceTree = "<group>"; };
		FB60D8681F39127E001E5E51 /* ShowReportsViewController.swift */ = {isa = PBXFileReference; fileEncoding = 4; lastKnownFileType = sourcecode.swift; path = ShowReportsViewController.swift; sourceTree = "<group>"; };
		FB7998721F2BB516005FC75D /* MapViewDelegate.swift */ = {isa = PBXFileReference; fileEncoding = 4; lastKnownFileType = sourcecode.swift; path = MapViewDelegate.swift; sourceTree = "<group>"; };
		FB7998781F2BBA85005FC75D /* CoreLocation.framework */ = {isa = PBXFileReference; lastKnownFileType = wrapper.framework; name = CoreLocation.framework; path = System/Library/Frameworks/CoreLocation.framework; sourceTree = SDKROOT; };
		FBEFEACA1F3A31C000CDC99A /* AgressionPinAnnotationView.swift */ = {isa = PBXFileReference; fileEncoding = 4; lastKnownFileType = sourcecode.swift; path = AgressionPinAnnotationView.swift; sourceTree = "<group>"; };
		FBEFEACC1F3A349100CDC99A /* Assets.xcassets */ = {isa = PBXFileReference; lastKnownFileType = folder.assetcatalog; name = Assets.xcassets; path = Umbrella/Assets.xcassets; sourceTree = "<group>"; };
		FBF16B741F2CF49C00529EA8 /* LocationManagerDelegate.swift */ = {isa = PBXFileReference; fileEncoding = 4; lastKnownFileType = sourcecode.swift; path = LocationManagerDelegate.swift; sourceTree = "<group>"; };
		FBF3C18E1F30F84B00E2F578 /* LFHeatMapHeader.h */ = {isa = PBXFileReference; lastKnownFileType = sourcecode.c.h; path = LFHeatMapHeader.h; sourceTree = "<group>"; };
/* End PBXFileReference section */

/* Begin PBXFrameworksBuildPhase section */
		D4B1E3FB1F2A78CF00308ABB /* Frameworks */ = {
			isa = PBXFrameworksBuildPhase;
			buildActionMask = 2147483647;
			files = (
				FB7998791F2BBA85005FC75D /* CoreLocation.framework in Frameworks */,
				EF2B14ACC5ED8F8292C207C7 /* Pods_Umbrella.framework in Frameworks */,
			);
			runOnlyForDeploymentPostprocessing = 0;
		};
/* End PBXFrameworksBuildPhase section */

/* Begin PBXGroup section */
		6D82A9210E92B234778DDA7C /* Pods */ = {
			isa = PBXGroup;
			children = (
				42219E97875697CC28DC2A0D /* Pods-Umbrella.debug.xcconfig */,
				C7A82209A491E5087B8A7EDC /* Pods-Umbrella.release.xcconfig */,
			);
			name = Pods;
			sourceTree = "<group>";
		};
		D4B1E3F51F2A78CF00308ABB = {
			isa = PBXGroup;
			children = (
				FBEFEACC1F3A349100CDC99A /* Assets.xcassets */,
				FB37340F1F3914E400FB3213 /* GoogleService-Info.plist */,
				D4B1E4001F2A78CF00308ABB /* Umbrella */,
				D4B1E41A1F2A795000308ABB /* Others */,
				D4B1E3FF1F2A78CF00308ABB /* Products */,
				6D82A9210E92B234778DDA7C /* Pods */,
				F43BD2F9C6D83E8316606B39 /* Frameworks */,
			);
			sourceTree = "<group>";
		};
		D4B1E3FF1F2A78CF00308ABB /* Products */ = {
			isa = PBXGroup;
			children = (
				D4B1E3FE1F2A78CF00308ABB /* Umbrella.app */,
			);
			name = Products;
			sourceTree = "<group>";
		};
		D4B1E4001F2A78CF00308ABB /* Umbrella */ = {
			isa = PBXGroup;
			children = (
				FB0144D81F3B8663004FFBCC /* SaveManager */,
				D4B1E4191F2A793E00308ABB /* Entity */,
				D4B1E4171F2A790B00308ABB /* Interactor */,
				D4B1E4161F2A790400308ABB /* Router */,
				D4B1E4151F2A78F700308ABB /* Presenter */,
				D4B1E4141F2A78E200308ABB /* View */,
			);
			path = Umbrella;
			sourceTree = "<group>";
		};
		D4B1E4141F2A78E200308ABB /* View */ = {
			isa = PBXGroup;
			children = (
				D4B1E4231F2A93E900308ABB /* Map */,
				D4B1E4221F2A93CC00308ABB /* Report */,
				D4B1E41D1F2A918500308ABB /* TabBar */,
				D4B1E41C1F2A910300308ABB /* Login */,
				D4B1E40A1F2A78CF00308ABB /* LaunchScreen.storyboard */,
			);
			name = View;
			sourceTree = "<group>";
		};
		D4B1E4151F2A78F700308ABB /* Presenter */ = {
			isa = PBXGroup;
			children = (
			);
			name = Presenter;
			sourceTree = "<group>";
		};
		D4B1E4161F2A790400308ABB /* Router */ = {
			isa = PBXGroup;
			children = (
				FBF3C18E1F30F84B00E2F578 /* LFHeatMapHeader.h */,
			);
			name = Router;
			sourceTree = "<group>";
		};
		D4B1E4171F2A790B00308ABB /* Interactor */ = {
			isa = PBXGroup;
			children = (
				FB0144C71F3B85A7004FFBCC /* MinorityInterector.swift */,
				FB0144C91F3B85A7004FFBCC /* PhotoInteractor.swift */,
				FB0144CD1F3B85A7004FFBCC /* UserInteractor.swift */,
			);
			name = Interactor;
			sourceTree = "<group>";
		};
		D4B1E4191F2A793E00308ABB /* Entity */ = {
			isa = PBXGroup;
			children = (
				FB0144C61F3B85A7004FFBCC /* MinorityEntity.swift */,
				FB0144C81F3B85A7004FFBCC /* PhotoEntity.swift */,
				FB0144CC1F3B85A7004FFBCC /* UserEntity.swift */,
				FB60D8641F39127E001E5E51 /* Report.swift */,
			);
			name = Entity;
			sourceTree = "<group>";
		};
		D4B1E41A1F2A795000308ABB /* Others */ = {
			isa = PBXGroup;
			children = (
				D4B1E4011F2A78CF00308ABB /* AppDelegate.swift */,
				D4B1E40D1F2A78CF00308ABB /* Info.plist */,
			);
			name = Others;
			path = Umbrella;
			sourceTree = "<group>";
		};
		D4B1E41C1F2A910300308ABB /* Login */ = {
			isa = PBXGroup;
			children = (
				D4B1E4051F2A78CF00308ABB /* Login.storyboard */,
				D4B1E4031F2A78CF00308ABB /* LoginViewController.swift */,
			);
			name = Login;
			sourceTree = "<group>";
		};
		D4B1E41D1F2A918500308ABB /* TabBar */ = {
			isa = PBXGroup;
			children = (
				D4B1E41E1F2A919900308ABB /* TabBar.storyboard */,
				D4B1E4201F2A91B300308ABB /* TabBarViewController.swift */,
			);
			name = TabBar;
			sourceTree = "<group>";
		};
		D4B1E4221F2A93CC00308ABB /* Report */ = {
			isa = PBXGroup;
			children = (
				FB60D8611F39127E001E5E51 /* RegisterReportFirst.storyboard */,
				D4B1E4261F2A95D600308ABB /* RegisterReportViewController.swift */,
				FB60D8621F39127E001E5E51 /* RegisterReportSecond.storyboard */,
				FB60D8631F39127E001E5E51 /* RegisterReportSecondViewController.swift */,
				FB60D8651F39127E001E5E51 /* SeeReport.storyboard */,
				FB60D8661F39127E001E5E51 /* SeeReportViewController.swift */,
				FB60D8671F39127E001E5E51 /* ShowReports.storyboard */,
				FB60D8681F39127E001E5E51 /* ShowReportsViewController.swift */,
				D41383681F3A26A000384DCC /* RegisterReportDelegate.swift */,
			);
			name = Report;
			sourceTree = "<group>";
		};
		D4B1E4231F2A93E900308ABB /* Map */ = {
			isa = PBXGroup;
			children = (
				D4B1E4281F2A96D200308ABB /* Map.storyboard */,
				D4B1E42A1F2A96ED00308ABB /* MapViewController.swift */,
				FB60D85F1F39127E001E5E51 /* CustomUserLocationView.swift */,
				FB7998721F2BB516005FC75D /* MapViewDelegate.swift */,
				FBF16B741F2CF49C00529EA8 /* LocationManagerDelegate.swift */,
				FB3450151F323CC70077A101 /* SearchBarControllerViewController.swift */,
				FB60D7D21F38DD03001E5E51 /* SearchBarCellTableViewCell.swift */,
				FB60D7D41F38E10A001E5E51 /* FilterTableViewControlleTableViewController.swift */,
				FBEFEACA1F3A31C000CDC99A /* AgressionPinAnnotationView.swift */,
			);
			name = Map;
			sourceTree = "<group>";
		};
		F43BD2F9C6D83E8316606B39 /* Frameworks */ = {
			isa = PBXGroup;
			children = (
				FB7998781F2BBA85005FC75D /* CoreLocation.framework */,
				BF9CFC6DEF00297A546C0A6B /* Pods_Umbrella.framework */,
			);
			name = Frameworks;
			sourceTree = "<group>";
		};
		FB0144D81F3B8663004FFBCC /* SaveManager */ = {
			isa = PBXGroup;
			children = (
				FB60D8601F39127E001E5E51 /* FirebaseManager.swift */,
				FB0144C51F3B85A7004FFBCC /* Keychain.swift */,
				FB0144CA1F3B85A7004FFBCC /* SaveManager.swift */,
				FB0144CB1F3B85A7004FFBCC /* UIImageHandler.swift */,
			);
			name = SaveManager;
			sourceTree = "<group>";
		};
/* End PBXGroup section */

/* Begin PBXNativeTarget section */
		D4B1E3FD1F2A78CF00308ABB /* Umbrella */ = {
			isa = PBXNativeTarget;
			buildConfigurationList = D4B1E4101F2A78CF00308ABB /* Build configuration list for PBXNativeTarget "Umbrella" */;
			buildPhases = (
				FC04B211AF76D6C682BF5675 /* [CP] Check Pods Manifest.lock */,
				D4B1E3FA1F2A78CF00308ABB /* Sources */,
				D4B1E3FB1F2A78CF00308ABB /* Frameworks */,
				D4B1E3FC1F2A78CF00308ABB /* Resources */,
				BFB41091C8C6FB3255DE5548 /* [CP] Embed Pods Frameworks */,
				0C79E8D90862BF6A20784F6C /* [CP] Copy Pods Resources */,
			);
			buildRules = (
			);
			dependencies = (
			);
			name = Umbrella;
			productName = Umbrella;
			productReference = D4B1E3FE1F2A78CF00308ABB /* Umbrella.app */;
			productType = "com.apple.product-type.application";
		};
/* End PBXNativeTarget section */

/* Begin PBXProject section */
		D4B1E3F61F2A78CF00308ABB /* Project object */ = {
			isa = PBXProject;
			attributes = {
				LastSwiftUpdateCheck = 0830;
				LastUpgradeCheck = 0830;
				ORGANIZATIONNAME = "Geovanni Oliveira de Jesus";
				TargetAttributes = {
					D4B1E3FD1F2A78CF00308ABB = {
						CreatedOnToolsVersion = 8.3.3;
						DevelopmentTeam = H6LU9H3DMX;
						ProvisioningStyle = Automatic;
						SystemCapabilities = {
							com.apple.Keychain = {
								enabled = 1;
							};
						};
					};
				};
			};
			buildConfigurationList = D4B1E3F91F2A78CF00308ABB /* Build configuration list for PBXProject "Umbrella" */;
			compatibilityVersion = "Xcode 3.2";
			developmentRegion = English;
			hasScannedForEncodings = 0;
			knownRegions = (
				en,
				Base,
			);
			mainGroup = D4B1E3F51F2A78CF00308ABB;
			productRefGroup = D4B1E3FF1F2A78CF00308ABB /* Products */;
			projectDirPath = "";
			projectRoot = "";
			targets = (
				D4B1E3FD1F2A78CF00308ABB /* Umbrella */,
			);
		};
/* End PBXProject section */

/* Begin PBXResourcesBuildPhase section */
		D4B1E3FC1F2A78CF00308ABB /* Resources */ = {
			isa = PBXResourcesBuildPhase;
			buildActionMask = 2147483647;
			files = (
				FB60D86B1F39127E001E5E51 /* RegisterReportFirst.storyboard in Resources */,
				D4B1E41F1F2A919900308ABB /* TabBar.storyboard in Resources */,
				D4B1E40C1F2A78CF00308ABB /* LaunchScreen.storyboard in Resources */,
				D4B1E4071F2A78CF00308ABB /* Login.storyboard in Resources */,
				FBEFEACD1F3A349100CDC99A /* Assets.xcassets in Resources */,
				D4B1E4291F2A96D200308ABB /* Map.storyboard in Resources */,
				FB60D8711F39127E001E5E51 /* ShowReports.storyboard in Resources */,
				FB60D86C1F39127E001E5E51 /* RegisterReportSecond.storyboard in Resources */,
				FB3734101F3914E400FB3213 /* GoogleService-Info.plist in Resources */,
				FB60D86F1F39127E001E5E51 /* SeeReport.storyboard in Resources */,
			);
			runOnlyForDeploymentPostprocessing = 0;
		};
/* End PBXResourcesBuildPhase section */

/* Begin PBXShellScriptBuildPhase section */
		0C79E8D90862BF6A20784F6C /* [CP] Copy Pods Resources */ = {
			isa = PBXShellScriptBuildPhase;
			buildActionMask = 2147483647;
			files = (
			);
			inputPaths = (
			);
			name = "[CP] Copy Pods Resources";
			outputPaths = (
			);
			runOnlyForDeploymentPostprocessing = 0;
			shellPath = /bin/sh;
			shellScript = "\"${SRCROOT}/Pods/Target Support Files/Pods-Umbrella/Pods-Umbrella-resources.sh\"\n";
			showEnvVarsInLog = 0;
		};
		BFB41091C8C6FB3255DE5548 /* [CP] Embed Pods Frameworks */ = {
			isa = PBXShellScriptBuildPhase;
			buildActionMask = 2147483647;
			files = (
			);
			inputPaths = (
			);
			name = "[CP] Embed Pods Frameworks";
			outputPaths = (
			);
			runOnlyForDeploymentPostprocessing = 0;
			shellPath = /bin/sh;
			shellScript = "\"${SRCROOT}/Pods/Target Support Files/Pods-Umbrella/Pods-Umbrella-frameworks.sh\"\n";
			showEnvVarsInLog = 0;
		};
		FC04B211AF76D6C682BF5675 /* [CP] Check Pods Manifest.lock */ = {
			isa = PBXShellScriptBuildPhase;
			buildActionMask = 2147483647;
			files = (
			);
			inputPaths = (
			);
			name = "[CP] Check Pods Manifest.lock";
			outputPaths = (
			);
			runOnlyForDeploymentPostprocessing = 0;
			shellPath = /bin/sh;
			shellScript = "diff \"${PODS_PODFILE_DIR_PATH}/Podfile.lock\" \"${PODS_ROOT}/Manifest.lock\" > /dev/null\nif [ $? != 0 ] ; then\n    # print error to STDERR\n    echo \"error: The sandbox is not in sync with the Podfile.lock. Run 'pod install' or update your CocoaPods installation.\" >&2\n    exit 1\nfi\n";
			showEnvVarsInLog = 0;
		};
/* End PBXShellScriptBuildPhase section */

/* Begin PBXSourcesBuildPhase section */
		D4B1E3FA1F2A78CF00308ABB /* Sources */ = {
			isa = PBXSourcesBuildPhase;
			buildActionMask = 2147483647;
			files = (
				FB60D86A1F39127E001E5E51 /* FirebaseManager.swift in Sources */,
				FB3450161F323CC70077A101 /* SearchBarControllerViewController.swift in Sources */,
				FB60D7D51F38E10A001E5E51 /* FilterTableViewControlleTableViewController.swift in Sources */,
				FB60D8701F39127E001E5E51 /* SeeReportViewController.swift in Sources */,
				FB7998731F2BB516005FC75D /* MapViewDelegate.swift in Sources */,
				FB0144D01F3B85A7004FFBCC /* MinorityInterector.swift in Sources */,
				D4B1E4041F2A78CF00308ABB /* LoginViewController.swift in Sources */,
				D4B1E4271F2A95D600308ABB /* RegisterReportViewController.swift in Sources */,
				FB60D86D1F39127E001E5E51 /* RegisterReportSecondViewController.swift in Sources */,
				D4B1E4211F2A91B300308ABB /* TabBarViewController.swift in Sources */,
				FB0144D61F3B85A7004FFBCC /* UserInteractor.swift in Sources */,
				FBEFEACB1F3A31C000CDC99A /* AgressionPinAnnotationView.swift in Sources */,
				FB60D8721F39127E001E5E51 /* ShowReportsViewController.swift in Sources */,
				FB0144CE1F3B85A7004FFBCC /* Keychain.swift in Sources */,
				D4B1E42B1F2A96ED00308ABB /* MapViewController.swift in Sources */,
				FB60D86E1F39127E001E5E51 /* Report.swift in Sources */,
				FB0144D11F3B85A7004FFBCC /* PhotoEntity.swift in Sources */,
				FB60D7D31F38DD03001E5E51 /* SearchBarCellTableViewCell.swift in Sources */,
				FBF16B751F2CF49C00529EA8 /* LocationManagerDelegate.swift in Sources */,
				FB60D8691F39127E001E5E51 /* CustomUserLocationView.swift in Sources */,
				D41383691F3A26A000384DCC /* RegisterReportDelegate.swift in Sources */,
				FB0144D21F3B85A7004FFBCC /* PhotoInteractor.swift in Sources */,
				FB0144D51F3B85A7004FFBCC /* UserEntity.swift in Sources */,
				D4B1E4021F2A78CF00308ABB /* AppDelegate.swift in Sources */,
				FB0144D31F3B85A7004FFBCC /* SaveManager.swift in Sources */,
				FB0144CF1F3B85A7004FFBCC /* MinorityEntity.swift in Sources */,
				FB0144D41F3B85A7004FFBCC /* UIImageHandler.swift in Sources */,
			);
			runOnlyForDeploymentPostprocessing = 0;
		};
/* End PBXSourcesBuildPhase section */

/* Begin PBXVariantGroup section */
		D4B1E4051F2A78CF00308ABB /* Login.storyboard */ = {
			isa = PBXVariantGroup;
			children = (
				D4B1E4061F2A78CF00308ABB /* Base */,
			);
			name = Login.storyboard;
			sourceTree = "<group>";
		};
		D4B1E40A1F2A78CF00308ABB /* LaunchScreen.storyboard */ = {
			isa = PBXVariantGroup;
			children = (
				D4B1E40B1F2A78CF00308ABB /* Base */,
			);
			name = LaunchScreen.storyboard;
			sourceTree = "<group>";
		};
/* End PBXVariantGroup section */

/* Begin XCBuildConfiguration section */
		D4B1E40E1F2A78CF00308ABB /* Debug */ = {
			isa = XCBuildConfiguration;
			buildSettings = {
				ALWAYS_SEARCH_USER_PATHS = NO;
				CLANG_ANALYZER_NONNULL = YES;
				CLANG_ANALYZER_NUMBER_OBJECT_CONVERSION = YES_AGGRESSIVE;
				CLANG_CXX_LANGUAGE_STANDARD = "gnu++0x";
				CLANG_CXX_LIBRARY = "libc++";
				CLANG_ENABLE_MODULES = YES;
				CLANG_ENABLE_OBJC_ARC = YES;
				CLANG_WARN_BOOL_CONVERSION = YES;
				CLANG_WARN_CONSTANT_CONVERSION = YES;
				CLANG_WARN_DIRECT_OBJC_ISA_USAGE = YES_ERROR;
				CLANG_WARN_DOCUMENTATION_COMMENTS = YES;
				CLANG_WARN_EMPTY_BODY = YES;
				CLANG_WARN_ENUM_CONVERSION = YES;
				CLANG_WARN_INFINITE_RECURSION = YES;
				CLANG_WARN_INT_CONVERSION = YES;
				CLANG_WARN_OBJC_ROOT_CLASS = YES_ERROR;
				CLANG_WARN_SUSPICIOUS_MOVE = YES;
				CLANG_WARN_UNREACHABLE_CODE = YES;
				CLANG_WARN__DUPLICATE_METHOD_MATCH = YES;
				"CODE_SIGN_IDENTITY[sdk=iphoneos*]" = "iPhone Developer";
				COPY_PHASE_STRIP = NO;
				DEBUG_INFORMATION_FORMAT = dwarf;
				ENABLE_STRICT_OBJC_MSGSEND = YES;
				ENABLE_TESTABILITY = YES;
				GCC_C_LANGUAGE_STANDARD = gnu99;
				GCC_DYNAMIC_NO_PIC = NO;
				GCC_NO_COMMON_BLOCKS = YES;
				GCC_OPTIMIZATION_LEVEL = 0;
				GCC_PREPROCESSOR_DEFINITIONS = (
					"DEBUG=1",
					"$(inherited)",
				);
				GCC_WARN_64_TO_32_BIT_CONVERSION = YES;
				GCC_WARN_ABOUT_RETURN_TYPE = YES_ERROR;
				GCC_WARN_UNDECLARED_SELECTOR = YES;
				GCC_WARN_UNINITIALIZED_AUTOS = YES_AGGRESSIVE;
				GCC_WARN_UNUSED_FUNCTION = YES;
				GCC_WARN_UNUSED_VARIABLE = YES;
				IPHONEOS_DEPLOYMENT_TARGET = 10.3;
				MTL_ENABLE_DEBUG_INFO = YES;
				ONLY_ACTIVE_ARCH = YES;
				SDKROOT = iphoneos;
				SWIFT_ACTIVE_COMPILATION_CONDITIONS = DEBUG;
				SWIFT_OPTIMIZATION_LEVEL = "-Onone";
			};
			name = Debug;
		};
		D4B1E40F1F2A78CF00308ABB /* Release */ = {
			isa = XCBuildConfiguration;
			buildSettings = {
				ALWAYS_SEARCH_USER_PATHS = NO;
				CLANG_ANALYZER_NONNULL = YES;
				CLANG_ANALYZER_NUMBER_OBJECT_CONVERSION = YES_AGGRESSIVE;
				CLANG_CXX_LANGUAGE_STANDARD = "gnu++0x";
				CLANG_CXX_LIBRARY = "libc++";
				CLANG_ENABLE_MODULES = YES;
				CLANG_ENABLE_OBJC_ARC = YES;
				CLANG_WARN_BOOL_CONVERSION = YES;
				CLANG_WARN_CONSTANT_CONVERSION = YES;
				CLANG_WARN_DIRECT_OBJC_ISA_USAGE = YES_ERROR;
				CLANG_WARN_DOCUMENTATION_COMMENTS = YES;
				CLANG_WARN_EMPTY_BODY = YES;
				CLANG_WARN_ENUM_CONVERSION = YES;
				CLANG_WARN_INFINITE_RECURSION = YES;
				CLANG_WARN_INT_CONVERSION = YES;
				CLANG_WARN_OBJC_ROOT_CLASS = YES_ERROR;
				CLANG_WARN_SUSPICIOUS_MOVE = YES;
				CLANG_WARN_UNREACHABLE_CODE = YES;
				CLANG_WARN__DUPLICATE_METHOD_MATCH = YES;
				"CODE_SIGN_IDENTITY[sdk=iphoneos*]" = "iPhone Developer";
				COPY_PHASE_STRIP = NO;
				DEBUG_INFORMATION_FORMAT = "dwarf-with-dsym";
				ENABLE_NS_ASSERTIONS = NO;
				ENABLE_STRICT_OBJC_MSGSEND = YES;
				GCC_C_LANGUAGE_STANDARD = gnu99;
				GCC_NO_COMMON_BLOCKS = YES;
				GCC_WARN_64_TO_32_BIT_CONVERSION = YES;
				GCC_WARN_ABOUT_RETURN_TYPE = YES_ERROR;
				GCC_WARN_UNDECLARED_SELECTOR = YES;
				GCC_WARN_UNINITIALIZED_AUTOS = YES_AGGRESSIVE;
				GCC_WARN_UNUSED_FUNCTION = YES;
				GCC_WARN_UNUSED_VARIABLE = YES;
				IPHONEOS_DEPLOYMENT_TARGET = 10.3;
				MTL_ENABLE_DEBUG_INFO = NO;
				SDKROOT = iphoneos;
				SWIFT_OPTIMIZATION_LEVEL = "-Owholemodule";
				VALIDATE_PRODUCT = YES;
			};
			name = Release;
		};
		D4B1E4111F2A78CF00308ABB /* Debug */ = {
			isa = XCBuildConfiguration;
			baseConfigurationReference = 42219E97875697CC28DC2A0D /* Pods-Umbrella.debug.xcconfig */;
			buildSettings = {
				ASSETCATALOG_COMPILER_APPICON_NAME = AppIcon;
				DEVELOPMENT_TEAM = H6LU9H3DMX;
				INFOPLIST_FILE = Umbrella/Info.plist;
				LD_RUNPATH_SEARCH_PATHS = "$(inherited) @executable_path/Frameworks";
				PRODUCT_BUNDLE_IDENTIFIER = geovanni.Umbrella;
				PRODUCT_NAME = "$(TARGET_NAME)";
				SWIFT_OBJC_BRIDGING_HEADER = ./Umbrella/LFHeatMapHeader.h;
				SWIFT_VERSION = 3.0;
			};
			name = Debug;
		};
		D4B1E4121F2A78CF00308ABB /* Release */ = {
			isa = XCBuildConfiguration;
			baseConfigurationReference = C7A82209A491E5087B8A7EDC /* Pods-Umbrella.release.xcconfig */;
			buildSettings = {
				ASSETCATALOG_COMPILER_APPICON_NAME = AppIcon;
				DEVELOPMENT_TEAM = H6LU9H3DMX;
				INFOPLIST_FILE = Umbrella/Info.plist;
				LD_RUNPATH_SEARCH_PATHS = "$(inherited) @executable_path/Frameworks";
				PRODUCT_BUNDLE_IDENTIFIER = geovanni.Umbrella;
				PRODUCT_NAME = "$(TARGET_NAME)";
				SWIFT_OBJC_BRIDGING_HEADER = ./Umbrella/LFHeatMapHeader.h;
				SWIFT_VERSION = 3.0;
			};
			name = Release;
		};
/* End XCBuildConfiguration section */

/* Begin XCConfigurationList section */
		D4B1E3F91F2A78CF00308ABB /* Build configuration list for PBXProject "Umbrella" */ = {
			isa = XCConfigurationList;
			buildConfigurations = (
				D4B1E40E1F2A78CF00308ABB /* Debug */,
				D4B1E40F1F2A78CF00308ABB /* Release */,
			);
			defaultConfigurationIsVisible = 0;
			defaultConfigurationName = Release;
		};
		D4B1E4101F2A78CF00308ABB /* Build configuration list for PBXNativeTarget "Umbrella" */ = {
			isa = XCConfigurationList;
			buildConfigurations = (
				D4B1E4111F2A78CF00308ABB /* Debug */,
				D4B1E4121F2A78CF00308ABB /* Release */,
			);
			defaultConfigurationIsVisible = 0;
			defaultConfigurationName = Release;
		};
/* End XCConfigurationList section */
	};
	rootObject = D4B1E3F61F2A78CF00308ABB /* Project object */;
}
